# This file is automatically @generated by Cargo.
# It is not intended for manual editing.
version = 4

[[package]]
name = "toolog-app"
version = "0.0.0"
dependencies = [
 "toolog-cli",
 "toolog-core",
]

[[package]]
name = "toolog-cli"
version = "0.0.0"
dependencies = [
 "toolog-core",
 "toolog-ingest",
 "toolog-otlp",
]

[[package]]
name = "toolog-core"
version = "0.0.0"

[[package]]
name = "toolog-ingest"
version = "0.0.0"
dependencies = [
 "toolog-core",
]

[[package]]
name = "toolog-otlp"
version = "0.0.0"
dependencies = [
 "toolog-core",
]
